
Microsoft Visual Studio Solution File, Format Version 12.00
# Visual Studio Version 16
VisualStudioVersion = 16.0.30128.74
MinimumVisualStudioVersion = 10.0.40219.1
Project("{9A19103F-16F7-4668-BE54-9A1E7A4F7556}") = "ECommerce.Api.Customers", "ECommerce.Api.Customers\ECommerce.Api.Customers.csproj", "{A23D3245-49E7-461F-9E81-A3415EF8B836}"
EndProject
Project("{9A19103F-16F7-4668-BE54-9A1E7A4F7556}") = "ECommerce.Api.Orders", "ECommerce.Api.Orders\ECommerce.Api.Orders.csproj", "{ADE9316D-B5A5-41A6-B32C-81D4C3F25B5F}"
EndProject
Project("{9A19103F-16F7-4668-BE54-9A1E7A4F7556}") = "ECommerce.Api.Products", "ECommerce.Api.Products\ECommerce.Api.Products.csproj", "{99C86422-FBDD-4938-97FD-7B084BA344A7}"
EndProject
Project("{9A19103F-16F7-4668-BE54-9A1E7A4F7556}") = "ECommerce.Api.Search", "ECommerce.Api.Search\ECommerce.Api.Search.csproj", "{884F0DF6-ED97-4A02-BE6B-0C6645B5EAF8}"
EndProject
Project("{FAE04EC0-301F-11D3-BF4B-00C04F79EFBC}") = "ECommerce.Api.Product.Tests", "ECommerce.Api.Product.Tests\ECommerce.Api.Product.Tests.csproj", "{119B7AC0-C9BB-4CC8-A6F3-F791B411D490}"
EndProject
Global
	GlobalSection(SolutionConfigurationPlatforms) = preSolution
		Debug|Any CPU = Debug|Any CPU
		Release|Any CPU = Release|Any CPU
	EndGlobalSection
	GlobalSection(ProjectConfigurationPlatforms) = postSolution
		{A23D3245-49E7-461F-9E81-A3415EF8B836}.Debug|Any CPU.ActiveCfg = Debug|Any CPU
		{A23D3245-49E7-461F-9E81-A3415EF8B836}.Debug|Any CPU.Build.0 = Debug|Any CPU
		{A23D3245-49E7-461F-9E81-A3415EF8B836}.Release|Any CPU.ActiveCfg = Release|Any CPU
		{A23D3245-49E7-461F-9E81-A3415EF8B836}.Release|Any CPU.Build.0 = Release|Any CPU
		{ADE9316D-B5A5-41A6-B32C-81D4C3F25B5F}.Debug|Any CPU.ActiveCfg = Debug|Any CPU
		{ADE9316D-B5A5-41A6-B32C-81D4C3F25B5F}.Debug|Any CPU.Build.0 = Debug|Any CPU
		{ADE9316D-B5A5-41A6-B32C-81D4C3F25B5F}.Release|Any CPU.ActiveCfg = Release|Any CPU
		{ADE9316D-B5A5-41A6-B32C-81D4C3F25B5F}.Release|Any CPU.Build.0 = Release|Any CPU
		{99C86422-FBDD-4938-97FD-7B084BA344A7}.Debug|Any CPU.ActiveCfg = Debug|Any CPU
		{99C86422-FBDD-4938-97FD-7B084BA344A7}.Debug|Any CPU.Build.0 = Debug|Any CPU
		{99C86422-FBDD-4938-97FD-7B084BA344A7}.Release|Any CPU.ActiveCfg = Release|Any CPU
		{99C86422-FBDD-4938-97FD-7B084BA344A7}.Release|Any CPU.Build.0 = Release|Any CPU
		{884F0DF6-ED97-4A02-BE6B-0C6645B5EAF8}.Debug|Any CPU.ActiveCfg = Debug|Any CPU
		{884F0DF6-ED97-4A02-BE6B-0C6645B5EAF8}.Debug|Any CPU.Build.0 = Debug|Any CPU
		{884F0DF6-ED97-4A02-BE6B-0C6645B5EAF8}.Release|Any CPU.ActiveCfg = Release|Any CPU
		{884F0DF6-ED97-4A02-BE6B-0C6645B5EAF8}.Release|Any CPU.Build.0 = Release|Any CPU
		{119B7AC0-C9BB-4CC8-A6F3-F791B411D490}.Debug|Any CPU.ActiveCfg = Debug|Any CPU
		{119B7AC0-C9BB-4CC8-A6F3-F791B411D490}.Debug|Any CPU.Build.0 = Debug|Any CPU
		{119B7AC0-C9BB-4CC8-A6F3-F791B411D490}.Release|Any CPU.ActiveCfg = Release|Any CPU
		{119B7AC0-C9BB-4CC8-A6F3-F791B411D490}.Release|Any CPU.Build.0 = Release|Any CPU
	EndGlobalSection
	GlobalSection(SolutionProperties) = preSolution
		HideSolutionNode = FALSE
	EndGlobalSection
	GlobalSection(ExtensibilityGlobals) = postSolution
		SolutionGuid = {BAF3518E-1291-4F39-A502-D8FB9DC28F1F}
	EndGlobalSection
EndGlobal
